{
  "name": "@sakai-ui/sakai-ui",
  "version": "24.0.0",
  "lockfileVersion": 2,
  "requires": true,
  "packages": {
    "": {
      "name": "@sakai-ui/sakai-ui",
      "version": "24.0.0",
      "license": "ECL-2.0",
      "dependencies": {
        "@sakai-ui/sui-element": "^24.0.0",
        "@sakai-ui/sui-group-picker": "^24.0.0",
        "@sakai-ui/sui-i18n": "^24.0.0",
        "@sakai-ui/sui-permissions": "^24.0.0",
        "@sakai-ui/sui-portal-utils": "^24.0.0"
      }
    },
    "node_modules/@sakai-ui/sui-element": {
      "version": "1.0.1",
      "resolved": "https://registry.npmjs.org/@sakai-ui/sui-element/-/sui-element-1.0.1.tgz",
      "integrity": "sha512-ydLtL+kOCh9LA5UZK77afOCRcqoJQqGQh/HES1KBZs1Ln5ag5KReVwcfhbSxtnTc773TPC4MK/nHV/pv2MRtWw==",
      "dependencies": {
        "@sakai-ui/sui-i18n": "1.0.2",
        "lit-element": "2.5.1"
      }
    },
    "node_modules/@sakai-ui/sui-group-picker": {
      "version": "1.0.0",
      "resolved": "https://registry.npmjs.org/@sakai-ui/sui-group-picker/-/sui-group-picker-1.0.0.tgz",
      "integrity": "sha512-olisuBOd2GY9emBOiZc503CMhjtlS75D7E2dJsaBHV1SucKYjyC21WVvtKNXogJCI6HtP5TfvWoKNQoeSHcK3A==",
      "dependencies": {
        "@sakai-ui/sui-element": "^1.0.1"
      }
    },
    "node_modules/@sakai-ui/sui-i18n": {
      "version": "1.0.2",
      "resolved": "https://registry.npmjs.org/@sakai-ui/sui-i18n/-/sui-i18n-1.0.2.tgz",
      "integrity": "sha512-uvwVZYrHraV11neT6N3z+63kFC7Z/5vvDGPc7nN1CM8BYSZfWEJWs8ub3CvQlkNDkz9Q0QeDkKpoZg+eFSYhJA=="
    },
    "node_modules/@sakai-ui/sui-permissions": {
      "version": "1.0.0",
      "resolved": "https://registry.npmjs.org/@sakai-ui/sui-permissions/-/sui-permissions-1.0.0.tgz",
      "integrity": "sha512-oiKoRnK2Hb4fFLVgVrq3gcd+eEr1AucIWKYheu7nljTyKavN0UCI31FO+XyEiR1l28DK56jIcGcEUi8OiLG8mw==",
      "dependencies": {
        "@sakai-ui/sui-group-picker": "^1.0.0"
      }
    },
    "node_modules/@sakai-ui/sui-portal-utils": {
      "version": "1.0.0",
      "resolved": "https://registry.npmjs.org/@sakai-ui/sui-portal-utils/-/sui-portal-utils-1.0.0.tgz",
      "integrity": "sha512-cjMk0183KP8IPA6MHgQG+DZ5b3F6WyZx5lmV7V2GWQfGW2qHhjPrIIGlTJNRdGPAnQFxoF38mdt2NDlyZEOadw=="
    },
    "node_modules/lit-element": {
      "version": "2.5.1",
      "resolved": "https://registry.npmjs.org/lit-element/-/lit-element-2.5.1.tgz",
      "integrity": "sha512-ogu7PiJTA33bEK0xGu1dmaX5vhcRjBXCFexPja0e7P7jqLhTpNKYRPmE+GmiCaRVAbiQKGkUgkh/i6+bh++dPQ==",
      "dependencies": {
        "lit-html": "^1.1.1"
      }
    },
    "node_modules/lit-html": {
      "version": "1.4.1",
      "resolved": "https://registry.npmjs.org/lit-html/-/lit-html-1.4.1.tgz",
      "integrity": "sha512-B9btcSgPYb1q4oSOb/PrOT6Z/H+r6xuNzfH4lFli/AWhYwdtrgQkQWBbIc6mdnf6E2IL3gDXdkkqNktpU0OZQA=="
    }
  },
  "dependencies": {
    "@sakai-ui/sui-element": {
      "version": "1.0.1",
      "resolved": "https://registry.npmjs.org/@sakai-ui/sui-element/-/sui-element-1.0.1.tgz",
      "integrity": "sha512-ydLtL+kOCh9LA5UZK77afOCRcqoJQqGQh/HES1KBZs1Ln5ag5KReVwcfhbSxtnTc773TPC4MK/nHV/pv2MRtWw==",
      "requires": {
        "@sakai-ui/sui-i18n": "1.0.2",
        "lit-element": "2.5.1"
      }
    },
    "@sakai-ui/sui-group-picker": {
      "version": "1.0.0",
      "resolved": "https://registry.npmjs.org/@sakai-ui/sui-group-picker/-/sui-group-picker-1.0.0.tgz",
      "integrity": "sha512-olisuBOd2GY9emBOiZc503CMhjtlS75D7E2dJsaBHV1SucKYjyC21WVvtKNXogJCI6HtP5TfvWoKNQoeSHcK3A==",
      "requires": {
        "@sakai-ui/sui-element": "^1.0.1"
      }
    },
    "@sakai-ui/sui-i18n": {
      "version": "1.0.2",
      "resolved": "https://registry.npmjs.org/@sakai-ui/sui-i18n/-/sui-i18n-1.0.2.tgz",
      "integrity": "sha512-uvwVZYrHraV11neT6N3z+63kFC7Z/5vvDGPc7nN1CM8BYSZfWEJWs8ub3CvQlkNDkz9Q0QeDkKpoZg+eFSYhJA=="
    },
    "@sakai-ui/sui-permissions": {
      "version": "1.0.0",
      "resolved": "https://registry.npmjs.org/@sakai-ui/sui-permissions/-/sui-permissions-1.0.0.tgz",
      "integrity": "sha512-oiKoRnK2Hb4fFLVgVrq3gcd+eEr1AucIWKYheu7nljTyKavN0UCI31FO+XyEiR1l28DK56jIcGcEUi8OiLG8mw==",
      "requires": {
        "@sakai-ui/sui-group-picker": "^1.0.0"
      }
    },
    "@sakai-ui/sui-portal-utils": {
      "version": "1.0.0",
      "resolved": "https://registry.npmjs.org/@sakai-ui/sui-portal-utils/-/sui-portal-utils-1.0.0.tgz",
      "integrity": "sha512-cjMk0183KP8IPA6MHgQG+DZ5b3F6WyZx5lmV7V2GWQfGW2qHhjPrIIGlTJNRdGPAnQFxoF38mdt2NDlyZEOadw=="
    },
    "lit-element": {
      "version": "2.5.1",
      "resolved": "https://registry.npmjs.org/lit-element/-/lit-element-2.5.1.tgz",
      "integrity": "sha512-ogu7PiJTA33bEK0xGu1dmaX5vhcRjBXCFexPja0e7P7jqLhTpNKYRPmE+GmiCaRVAbiQKGkUgkh/i6+bh++dPQ==",
      "requires": {
        "lit-html": "^1.1.1"
      }
    },
    "lit-html": {
      "version": "1.4.1",
      "resolved": "https://registry.npmjs.org/lit-html/-/lit-html-1.4.1.tgz",
      "integrity": "sha512-B9btcSgPYb1q4oSOb/PrOT6Z/H+r6xuNzfH4lFli/AWhYwdtrgQkQWBbIc6mdnf6E2IL3gDXdkkqNktpU0OZQA=="
    }
  }
}
